
Microsoft Visual Studio Solution File, Format Version 12.00
# Visual Studio Version 17
VisualStudioVersion = 17.0.31912.275
MinimumVisualStudioVersion = 10.0.40219.1
Project("{9A19103F-16F7-4668-BE54-9A1E7A4F7556}") = "BookStoreApp.Api", "BookStoreApp.Api\BookStoreApp.Api.csproj", "{DB07A827-70D0-4980-95B6-643D248BD8AA}"
EndProject
Project("{9A19103F-16F7-4668-BE54-9A1E7A4F7556}") = "BookStoreApp.Infrastructure", "BookStoreApp.Infrastructure\BookStoreApp.Infrastructure.csproj", "{3FBEB10F-CE5B-4B19-ADF6-31C5DDC32C54}"
EndProject
Project("{9A19103F-16F7-4668-BE54-9A1E7A4F7556}") = "BookStoreApp.Domain", "BookStoreApp.Core\BookStoreApp.Domain.csproj", "{F627146A-9C0D-40DE-A6E6-85C1025501B2}"
EndProject
Project("{9A19103F-16F7-4668-BE54-9A1E7A4F7556}") = "BookStoreApp.Application", "BookStoreApp.Application\BookStoreApp.Application.csproj", "{0CAF3ECC-29E6-438D-8E76-F328690B87FC}"
EndProject
Global
	GlobalSection(SolutionConfigurationPlatforms) = preSolution
		Debug|Any CPU = Debug|Any CPU
		Release|Any CPU = Release|Any CPU
	EndGlobalSection
	GlobalSection(ProjectConfigurationPlatforms) = postSolution
		{DB07A827-70D0-4980-95B6-643D248BD8AA}.Debug|Any CPU.ActiveCfg = Debug|Any CPU
		{DB07A827-70D0-4980-95B6-643D248BD8AA}.Debug|Any CPU.Build.0 = Debug|Any CPU
		{DB07A827-70D0-4980-95B6-643D248BD8AA}.Release|Any CPU.ActiveCfg = Release|Any CPU
		{DB07A827-70D0-4980-95B6-643D248BD8AA}.Release|Any CPU.Build.0 = Release|Any CPU
		{3FBEB10F-CE5B-4B19-ADF6-31C5DDC32C54}.Debug|Any CPU.ActiveCfg = Debug|Any CPU
		{3FBEB10F-CE5B-4B19-ADF6-31C5DDC32C54}.Debug|Any CPU.Build.0 = Debug|Any CPU
		{3FBEB10F-CE5B-4B19-ADF6-31C5DDC32C54}.Release|Any CPU.ActiveCfg = Release|Any CPU
		{3FBEB10F-CE5B-4B19-ADF6-31C5DDC32C54}.Release|Any CPU.Build.0 = Release|Any CPU
		{F627146A-9C0D-40DE-A6E6-85C1025501B2}.Debug|Any CPU.ActiveCfg = Debug|Any CPU
		{F627146A-9C0D-40DE-A6E6-85C1025501B2}.Debug|Any CPU.Build.0 = Debug|Any CPU
		{F627146A-9C0D-40DE-A6E6-85C1025501B2}.Release|Any CPU.ActiveCfg = Release|Any CPU
		{F627146A-9C0D-40DE-A6E6-85C1025501B2}.Release|Any CPU.Build.0 = Release|Any CPU
		{0CAF3ECC-29E6-438D-8E76-F328690B87FC}.Debug|Any CPU.ActiveCfg = Debug|Any CPU
		{0CAF3ECC-29E6-438D-8E76-F328690B87FC}.Debug|Any CPU.Build.0 = Debug|Any CPU
		{0CAF3ECC-29E6-438D-8E76-F328690B87FC}.Release|Any CPU.ActiveCfg = Release|Any CPU
		{0CAF3ECC-29E6-438D-8E76-F328690B87FC}.Release|Any CPU.Build.0 = Release|Any CPU
	EndGlobalSection
	GlobalSection(SolutionProperties) = preSolution
		HideSolutionNode = FALSE
	EndGlobalSection
	GlobalSection(ExtensibilityGlobals) = postSolution
		SolutionGuid = {F5941920-61B6-40E4-8317-5E8763AC2EBE}
	EndGlobalSection
EndGlobal
